
Microsoft Visual Studio Solution File, Format Version 12.00
# Visual Studio Version 16
VisualStudioVersion = 16.0.31229.75
MinimumVisualStudioVersion = 10.0.40219.1
Project("{FAE04EC0-301F-11D3-BF4B-00C04F79EFBC}") = "Lab0", "Lab0\Lab0.csproj", "{5E0C76CD-7FDF-4368-B548-F69BD1CF7C85}"
EndProject
Global
	GlobalSection(SolutionConfigurationPlatforms) = preSolution
		Debug|Any CPU = Debug|Any CPU
		Release|Any CPU = Release|Any CPU
	EndGlobalSection
	GlobalSection(ProjectConfigurationPlatforms) = postSolution
		{5E0C76CD-7FDF-4368-B548-F69BD1CF7C85}.Debug|Any CPU.ActiveCfg = Debug|Any CPU
		{5E0C76CD-7FDF-4368-B548-F69BD1CF7C85}.Debug|Any CPU.Build.0 = Debug|Any CPU
		{5E0C76CD-7FDF-4368-B548-F69BD1CF7C85}.Release|Any CPU.ActiveCfg = Release|Any CPU
		{5E0C76CD-7FDF-4368-B548-F69BD1CF7C85}.Release|Any CPU.Build.0 = Release|Any CPU
	EndGlobalSection
	GlobalSection(SolutionProperties) = preSolution
		HideSolutionNode = FALSE
	EndGlobalSection
	GlobalSection(ExtensibilityGlobals) = postSolution
		SolutionGuid = {AE5F8EEF-35CD-480D-9308-4BC1A54FADC4}
	EndGlobalSection
EndGlobal
